{
    "_readme": [
        "This file locks the dependencies of your project to a known state",
        "Read more about it at http://getcomposer.org/doc/01-basic-usage.md#composer-lock-the-lock-file"
    ],
    "hash": "908ad54a86eef0cb0535548fa7f78602",
    "packages": [
        {
            "name": "camspiers/json-pretty",
            "version": "0.1.0",
            "source": {
                "type": "git",
                "url": "https://github.com/camspiers/json-pretty.git",
                "reference": "5768744b4d49caee418ed05bd2fb8bdab3c33164"
            },
            "dist": {
                "type": "zip",
                "url": "https://api.github.com/repos/camspiers/json-pretty/zipball/5768744b4d49caee418ed05bd2fb8bdab3c33164",
                "reference": "5768744b4d49caee418ed05bd2fb8bdab3c33164",
                "shasum": ""
            },
            "require": {
                "pimple/pimple": "1.0.1"
            },
            "require-dev": {
                "phpunit/phpunit": "3.7.*"
            },
            "type": "library",
            "autoload": {
                "psr-0": {
                    "Camspiers": "src/"
                }
            },
            "notification-url": "https://packagist.org/downloads/",
            "license": [
                "MIT"
            ],
            "authors": [
                {
                    "name": "Cam Spiers",
                    "email": "cameron@heyday.co.nz",
                    "role": "Developer"
                }
            ],
            "description": "Provides support for json pretty printing in php 5.3",
            "time": "2013-01-28 01:00:57"
        },
        {
            "name": "camspiers/porter-stemmer",
            "version": "1.0.0",
            "source": {
                "type": "git",
                "url": "https://github.com/camspiers/porter-stemmer.git",
                "reference": "588088e9aaa6d81d711098cf60af2ef18b1a5798"
            },
            "dist": {
                "type": "zip",
                "url": "https://api.github.com/repos/camspiers/porter-stemmer/zipball/588088e9aaa6d81d711098cf60af2ef18b1a5798",
                "reference": "588088e9aaa6d81d711098cf60af2ef18b1a5798",
                "shasum": ""
            },
            "type": "library",
            "autoload": {
                "classmap": [
                    "src/"
                ]
            },
            "notification-url": "https://packagist.org/downloads/",
            "authors": [
                {
                    "name": "Richard Heyes",
                    "email": "support@rgraph.net"
                }
            ],
            "description": "Porter Stemmer created by Richard Heyes",
            "time": "2013-02-06 21:39:08"
        },
        {
            "name": "camspiers/statistical-classifier",
            "version": "dev-separation",
            "source": {
                "type": "git",
                "url": "/Users/cameron/Sites/statistical-classifier",
                "reference": "1280176cd4d248751d31f8bbd2bf519fa11ab679"
            },
            "require": {
                "maximebf/cachecache": "~1.0",
                "php": ">=5.3.3",
                "symfony/config": "~2.2",
                "symfony/options-resolver": "~2.2"
            },
            "require-dev": {
                "mikey179/vfsstream": "~1.2",
                "phpunit/phpunit": "~3.7"
            },
            "suggest": {
                "camspiers/porter-stemmer": "Using a stemmer can help with language based classification",
                "maximebf/cachecache": "Using caching will help improve performance on large datasets"
            },
            "type": "library",
            "extra": {
                "branch-alias": {
                    "dev-master": "0.6.x-dev"
                }
            },
            "autoload": {
                "psr-0": {
                    "Camspiers\\StatisticalClassifier": "src/"
                }
            },
            "license": [
                "MIT"
            ],
            "authors": [
                {
                    "name": "Cam Spiers",
                    "email": "camspiers@gmail.com"
                }
            ],
            "description": "A PHP implementation of Complement Naive Bayes and SVM statistical classifiers, including a structure for building other classifier, multiple data sources and multiple caching backends",
            "homepage": "http://php-classifier.com/",
            "keywords": [
                "bayes",
                "classifier",
                "naive",
                "svm"
            ],
            "time": "2013-12-02 22:28:53"
        },
        {
            "name": "evenement/evenement",
            "version": "v1.0.0",
            "source": {
                "type": "git",
                "url": "https://github.com/igorw/evenement.git",
                "reference": "fa966683e7df3e5dd5929d984a44abfbd6bafe8d"
            },
            "dist": {
                "type": "zip",
                "url": "https://api.github.com/repos/igorw/evenement/zipball/fa966683e7df3e5dd5929d984a44abfbd6bafe8d",
                "reference": "fa966683e7df3e5dd5929d984a44abfbd6bafe8d",
                "shasum": ""
            },
            "require": {
                "php": ">=5.3.0"
            },
            "type": "library",
            "autoload": {
                "psr-0": {
                    "Evenement": "src"
                }
            },
            "notification-url": "https://packagist.org/downloads/",
            "license": [
                "MIT"
            ],
            "authors": [
                {
                    "name": "Igor Wiedler",
                    "email": "igor@wiedler.ch",
                    "homepage": "http://wiedler.ch/igor/"
                }
            ],
            "description": "Événement is a very simple event dispatching library for PHP 5.3",
            "keywords": [
                "event-dispatcher"
            ],
            "time": "2012-05-30 15:01:08"
        },
        {
            "name": "guzzle/parser",
            "version": "v3.0.7",
            "target-dir": "Guzzle/Parser",
            "source": {
                "type": "git",
                "url": "https://github.com/guzzle/parser.git",
                "reference": "8a1f6829d75274de16232cb327597db3067a2074"
            },
            "dist": {
                "type": "zip",
                "url": "https://api.github.com/repos/guzzle/parser/zipball/8a1f6829d75274de16232cb327597db3067a2074",
                "reference": "8a1f6829d75274de16232cb327597db3067a2074",
                "shasum": ""
            },
            "require": {
                "php": ">=5.3.2"
            },
            "type": "library",
            "extra": {
                "branch-alias": {
                    "dev-master": "3.0-dev"
                }
            },
            "autoload": {
                "psr-0": {
                    "Guzzle\\Parser": ""
                }
            },
            "notification-url": "https://packagist.org/downloads/",
            "license": [
                "MIT"
            ],
            "description": "Interchangeable parsers used by Guzzle",
            "homepage": "http://guzzlephp.org/",
            "keywords": [
                "URI Template",
                "cookie",
                "http",
                "message",
                "url"
            ],
            "time": "2012-12-07 16:45:11"
        },
        {
            "name": "maximebf/cachecache",
            "version": "1.0.2",
            "source": {
                "type": "git",
                "url": "https://github.com/maximebf/CacheCache.git",
                "reference": "f89ff2f60e9c5ef059414ea4775637f18c034bdc"
            },
            "dist": {
                "type": "zip",
                "url": "https://api.github.com/repos/maximebf/CacheCache/zipball/f89ff2f60e9c5ef059414ea4775637f18c034bdc",
                "reference": "f89ff2f60e9c5ef059414ea4775637f18c034bdc",
                "shasum": ""
            },
            "require": {
                "php": ">=5.3.0"
            },
            "type": "library",
            "autoload": {
                "psr-0": {
                    "CacheCache": "src/"
                }
            },
            "notification-url": "https://packagist.org/downloads/",
            "license": [
                "MIT"
            ],
            "authors": [
                {
                    "name": "Maxime Bouroumeau-Fuseau",
                    "email": "maxime.bouroumeau@gmail.com",
                    "homepage": "http://maximebf.com"
                }
            ],
            "description": "Caching library for PHP5.3",
            "homepage": "https://github.com/maximebf/CacheCache",
            "keywords": [
                "cache"
            ],
            "time": "2013-08-12 09:30:49"
        },
        {
            "name": "pimple/pimple",
            "version": "v1.0.1",
            "source": {
                "type": "git",
                "url": "https://github.com/fabpot/Pimple.git",
                "reference": "86df0604a10c5faf20b466ae6a0b762cc6ed0a35"
            },
            "dist": {
                "type": "zip",
                "url": "https://api.github.com/repos/fabpot/Pimple/zipball/86df0604a10c5faf20b466ae6a0b762cc6ed0a35",
                "reference": "86df0604a10c5faf20b466ae6a0b762cc6ed0a35",
                "shasum": ""
            },
            "require": {
                "php": ">=5.3.0"
            },
            "type": "library",
            "extra": {
                "branch-alias": {
                    "dev-master": "1.0.x-dev"
                }
            },
            "autoload": {
                "psr-0": {
                    "Pimple": "lib/"
                }
            },
            "notification-url": "https://packagist.org/downloads/",
            "license": [
                "MIT"
            ],
            "authors": [
                {
                    "name": "Fabien Potencier",
                    "email": "fabien@symfony.com"
                }
            ],
            "description": "Pimple is a simple Dependency Injection Container for PHP 5.3",
            "homepage": "http://pimple.sensiolabs.org",
            "keywords": [
                "container",
                "dependency injection"
            ],
            "time": "2012-11-11 08:32:34"
        },
        {
            "name": "react/event-loop",
            "version": "v0.3.3",
            "target-dir": "React/EventLoop",
            "source": {
                "type": "git",
                "url": "https://github.com/reactphp/event-loop.git",
                "reference": "49208fa3a15c9eae4adf8351ee9caa4064fe550d"
            },
            "dist": {
                "type": "zip",
                "url": "https://api.github.com/repos/reactphp/event-loop/zipball/49208fa3a15c9eae4adf8351ee9caa4064fe550d",
                "reference": "49208fa3a15c9eae4adf8351ee9caa4064fe550d",
                "shasum": ""
            },
            "require": {
                "php": ">=5.3.3"
            },
            "suggest": {
                "ext-libev": "*",
                "ext-libevent": ">=0.0.5"
            },
            "type": "library",
            "extra": {
                "branch-alias": {
                    "dev-master": "0.3-dev"
                }
            },
            "autoload": {
                "psr-0": {
                    "React\\EventLoop": ""
                }
            },
            "notification-url": "https://packagist.org/downloads/",
            "license": [
                "MIT"
            ],
            "description": "Event loop abstraction layer that libraries can use for evented I/O.",
            "keywords": [
                "event-loop"
            ],
            "time": "2013-07-08 22:38:22"
        },
        {
            "name": "react/http",
            "version": "v0.3.2",
            "target-dir": "React/Http",
            "source": {
                "type": "git",
                "url": "https://github.com/reactphp/http.git",
                "reference": "1406e686d839517a5d05e2e8249d470bf0e29389"
            },
            "dist": {
                "type": "zip",
                "url": "https://api.github.com/repos/reactphp/http/zipball/1406e686d839517a5d05e2e8249d470bf0e29389",
                "reference": "1406e686d839517a5d05e2e8249d470bf0e29389",
                "shasum": ""
            },
            "require": {
                "guzzle/parser": "3.0.*",
                "php": ">=5.3.3",
                "react/socket": "0.3.*"
            },
            "type": "library",
            "extra": {
                "branch-alias": {
                    "dev-master": "0.3-dev"
                }
            },
            "autoload": {
                "psr-0": {
                    "React\\Http": ""
                }
            },
            "notification-url": "https://packagist.org/downloads/",
            "license": [
                "MIT"
            ],
            "description": "Library for building an evented http server.",
            "keywords": [
                "http"
            ],
            "time": "2013-02-24 19:01:50"
        },
        {
            "name": "react/socket",
            "version": "v0.3.2",
            "target-dir": "React/Socket",
            "source": {
                "type": "git",
                "url": "https://github.com/reactphp/socket.git",
                "reference": "9cc32838d25a934ce950d2662cce2ff1b9e9f8aa"
            },
            "dist": {
                "type": "zip",
                "url": "https://api.github.com/repos/reactphp/socket/zipball/9cc32838d25a934ce950d2662cce2ff1b9e9f8aa",
                "reference": "9cc32838d25a934ce950d2662cce2ff1b9e9f8aa",
                "shasum": ""
            },
            "require": {
                "evenement/evenement": "1.0.*",
                "php": ">=5.3.3",
                "react/event-loop": "0.3.*",
                "react/stream": "0.3.*"
            },
            "type": "library",
            "extra": {
                "branch-alias": {
                    "dev-master": "0.3-dev"
                }
            },
            "autoload": {
                "psr-0": {
                    "React\\Socket": ""
                }
            },
            "notification-url": "https://packagist.org/downloads/",
            "license": [
                "MIT"
            ],
            "description": "Library for building an evented socket server.",
            "keywords": [
                "Socket"
            ],
            "time": "2013-04-26 20:23:10"
        },
        {
            "name": "react/stream",
            "version": "v0.3.3",
            "target-dir": "React/Stream",
            "source": {
                "type": "git",
                "url": "https://github.com/reactphp/stream.git",
                "reference": "b72900ab00513b591fb101faecad38f9c8eab8da"
            },
            "dist": {
                "type": "zip",
                "url": "https://api.github.com/repos/reactphp/stream/zipball/b72900ab00513b591fb101faecad38f9c8eab8da",
                "reference": "b72900ab00513b591fb101faecad38f9c8eab8da",
                "shasum": ""
            },
            "require": {
                "evenement/evenement": "1.0.*",
                "php": ">=5.3.3"
            },
            "suggest": {
                "react/event-loop": "0.3.*",
                "react/promise": "~1.0"
            },
            "type": "library",
            "extra": {
                "branch-alias": {
                    "dev-master": "0.3-dev"
                }
            },
            "autoload": {
                "psr-0": {
                    "React\\Stream": ""
                }
            },
            "notification-url": "https://packagist.org/downloads/",
            "license": [
                "MIT"
            ],
            "description": "Basic readable and writable stream interfaces that support piping.",
            "keywords": [
                "pipe",
                "stream"
            ],
            "time": "2013-07-09 00:44:12"
        },
        {
            "name": "symfony/config",
            "version": "v2.3.7",
            "target-dir": "Symfony/Component/Config",
            "source": {
                "type": "git",
                "url": "https://github.com/symfony/Config.git",
                "reference": "1ced3d6c88b22df8cd1fe5209dbd6a89df362a29"
            },
            "dist": {
                "type": "zip",
                "url": "https://api.github.com/repos/symfony/Config/zipball/1ced3d6c88b22df8cd1fe5209dbd6a89df362a29",
                "reference": "1ced3d6c88b22df8cd1fe5209dbd6a89df362a29",
                "shasum": ""
            },
            "require": {
                "php": ">=5.3.3",
                "symfony/filesystem": "~2.3"
            },
            "type": "library",
            "extra": {
                "branch-alias": {
                    "dev-master": "2.3-dev"
                }
            },
            "autoload": {
                "psr-0": {
                    "Symfony\\Component\\Config\\": ""
                }
            },
            "notification-url": "https://packagist.org/downloads/",
            "license": [
                "MIT"
            ],
            "authors": [
                {
                    "name": "Fabien Potencier",
                    "email": "fabien@symfony.com"
                },
                {
                    "name": "Symfony Community",
                    "homepage": "http://symfony.com/contributors"
                }
            ],
            "description": "Symfony Config Component",
            "homepage": "http://symfony.com",
            "time": "2013-09-19 09:45:20"
        },
        {
            "name": "symfony/console",
            "version": "v2.3.7",
            "target-dir": "Symfony/Component/Console",
            "source": {
                "type": "git",
                "url": "https://github.com/symfony/Console.git",
                "reference": "00848d3e13cf512e77c7498c2b3b0192f61f4b18"
            },
            "dist": {
                "type": "zip",
                "url": "https://api.github.com/repos/symfony/Console/zipball/00848d3e13cf512e77c7498c2b3b0192f61f4b18",
                "reference": "00848d3e13cf512e77c7498c2b3b0192f61f4b18",
                "shasum": ""
            },
            "require": {
                "php": ">=5.3.3"
            },
            "require-dev": {
                "symfony/event-dispatcher": "~2.1"
            },
            "suggest": {
                "symfony/event-dispatcher": ""
            },
            "type": "library",
            "extra": {
                "branch-alias": {
                    "dev-master": "2.3-dev"
                }
            },
            "autoload": {
                "psr-0": {
                    "Symfony\\Component\\Console\\": ""
                }
            },
            "notification-url": "https://packagist.org/downloads/",
            "license": [
                "MIT"
            ],
            "authors": [
                {
                    "name": "Fabien Potencier",
                    "email": "fabien@symfony.com"
                },
                {
                    "name": "Symfony Community",
                    "homepage": "http://symfony.com/contributors"
                }
            ],
            "description": "Symfony Console Component",
            "homepage": "http://symfony.com",
            "time": "2013-11-13 21:27:40"
        },
        {
            "name": "symfony/dependency-injection",
            "version": "v2.3.7",
            "target-dir": "Symfony/Component/DependencyInjection",
            "source": {
                "type": "git",
                "url": "https://github.com/symfony/DependencyInjection.git",
                "reference": "3ead0b87b455289864d648152e0930629df687d2"
            },
            "dist": {
                "type": "zip",
                "url": "https://api.github.com/repos/symfony/DependencyInjection/zipball/3ead0b87b455289864d648152e0930629df687d2",
                "reference": "3ead0b87b455289864d648152e0930629df687d2",
                "shasum": ""
            },
            "require": {
                "php": ">=5.3.3"
            },
            "require-dev": {
                "symfony/config": "~2.2",
                "symfony/yaml": "~2.0"
            },
            "suggest": {
                "symfony/config": "",
                "symfony/proxy-manager-bridge": "Generate service proxies to lazy load them",
                "symfony/yaml": ""
            },
            "type": "library",
            "extra": {
                "branch-alias": {
                    "dev-master": "2.3-dev"
                }
            },
            "autoload": {
                "psr-0": {
                    "Symfony\\Component\\DependencyInjection\\": ""
                }
            },
            "notification-url": "https://packagist.org/downloads/",
            "license": [
                "MIT"
            ],
            "authors": [
                {
                    "name": "Fabien Potencier",
                    "email": "fabien@symfony.com"
                },
                {
                    "name": "Symfony Community",
                    "homepage": "http://symfony.com/contributors"
                }
            ],
            "description": "Symfony DependencyInjection Component",
            "homepage": "http://symfony.com",
            "time": "2013-11-09 15:43:20"
        },
        {
            "name": "symfony/filesystem",
            "version": "v2.3.7",
            "target-dir": "Symfony/Component/Filesystem",
            "source": {
                "type": "git",
                "url": "https://github.com/symfony/Filesystem.git",
                "reference": "2b8995042086c5552c94d33b5553c492e9cfc00e"
            },
            "dist": {
                "type": "zip",
                "url": "https://api.github.com/repos/symfony/Filesystem/zipball/2b8995042086c5552c94d33b5553c492e9cfc00e",
                "reference": "2b8995042086c5552c94d33b5553c492e9cfc00e",
                "shasum": ""
            },
            "require": {
                "php": ">=5.3.3"
            },
            "type": "library",
            "extra": {
                "branch-alias": {
                    "dev-master": "2.3-dev"
                }
            },
            "autoload": {
                "psr-0": {
                    "Symfony\\Component\\Filesystem\\": ""
                }
            },
            "notification-url": "https://packagist.org/downloads/",
            "license": [
                "MIT"
            ],
            "authors": [
                {
                    "name": "Fabien Potencier",
                    "email": "fabien@symfony.com"
                },
                {
                    "name": "Symfony Community",
                    "homepage": "http://symfony.com/contributors"
                }
            ],
            "description": "Symfony Filesystem Component",
            "homepage": "http://symfony.com",
            "time": "2013-09-19 09:45:20"
        },
        {
            "name": "symfony/finder",
            "version": "v2.3.7",
            "target-dir": "Symfony/Component/Finder",
            "source": {
                "type": "git",
                "url": "https://github.com/symfony/Finder.git",
                "reference": "a175521f680b178e63c5d0ab87c6b046c0990c3f"
            },
            "dist": {
                "type": "zip",
                "url": "https://api.github.com/repos/symfony/Finder/zipball/a175521f680b178e63c5d0ab87c6b046c0990c3f",
                "reference": "a175521f680b178e63c5d0ab87c6b046c0990c3f",
                "shasum": ""
            },
            "require": {
                "php": ">=5.3.3"
            },
            "type": "library",
            "extra": {
                "branch-alias": {
                    "dev-master": "2.3-dev"
                }
            },
            "autoload": {
                "psr-0": {
                    "Symfony\\Component\\Finder\\": ""
                }
            },
            "notification-url": "https://packagist.org/downloads/",
            "license": [
                "MIT"
            ],
            "authors": [
                {
                    "name": "Fabien Potencier",
                    "email": "fabien@symfony.com"
                },
                {
                    "name": "Symfony Community",
                    "homepage": "http://symfony.com/contributors"
                }
            ],
            "description": "Symfony Finder Component",
            "homepage": "http://symfony.com",
            "time": "2013-09-19 09:45:20"
        },
        {
            "name": "symfony/options-resolver",
            "version": "v2.3.7",
            "target-dir": "Symfony/Component/OptionsResolver",
            "source": {
                "type": "git",
                "url": "https://github.com/symfony/OptionsResolver.git",
                "reference": "d7a1df61ce5cb0c9c9e502f959d4d8ede532439a"
            },
            "dist": {
                "type": "zip",
                "url": "https://api.github.com/repos/symfony/OptionsResolver/zipball/d7a1df61ce5cb0c9c9e502f959d4d8ede532439a",
                "reference": "d7a1df61ce5cb0c9c9e502f959d4d8ede532439a",
                "shasum": ""
            },
            "require": {
                "php": ">=5.3.3"
            },
            "type": "library",
            "extra": {
                "branch-alias": {
                    "dev-master": "2.3-dev"
                }
            },
            "autoload": {
                "psr-0": {
                    "Symfony\\Component\\OptionsResolver\\": ""
                }
            },
            "notification-url": "https://packagist.org/downloads/",
            "license": [
                "MIT"
            ],
            "authors": [
                {
                    "name": "Fabien Potencier",
                    "email": "fabien@symfony.com"
                },
                {
                    "name": "Symfony Community",
                    "homepage": "http://symfony.com/contributors"
                }
            ],
            "description": "Symfony OptionsResolver Component",
            "homepage": "http://symfony.com",
            "keywords": [
                "config",
                "configuration",
                "options"
            ],
            "time": "2013-09-19 09:45:20"
        },
        {
            "name": "symfony/yaml",
            "version": "v2.3.7",
            "target-dir": "Symfony/Component/Yaml",
            "source": {
                "type": "git",
                "url": "https://github.com/symfony/Yaml.git",
                "reference": "c1bda5b459d792cb253de12c65beba3040163b2b"
            },
            "dist": {
                "type": "zip",
                "url": "https://api.github.com/repos/symfony/Yaml/zipball/c1bda5b459d792cb253de12c65beba3040163b2b",
                "reference": "c1bda5b459d792cb253de12c65beba3040163b2b",
                "shasum": ""
            },
            "require": {
                "php": ">=5.3.3"
            },
            "type": "library",
            "extra": {
                "branch-alias": {
                    "dev-master": "2.3-dev"
                }
            },
            "autoload": {
                "psr-0": {
                    "Symfony\\Component\\Yaml\\": ""
                }
            },
            "notification-url": "https://packagist.org/downloads/",
            "license": [
                "MIT"
            ],
            "authors": [
                {
                    "name": "Fabien Potencier",
                    "email": "fabien@symfony.com"
                },
                {
                    "name": "Symfony Community",
                    "homepage": "http://symfony.com/contributors"
                }
            ],
            "description": "Symfony Yaml Component",
            "homepage": "http://symfony.com",
            "time": "2013-10-17 11:48:01"
        }
    ],
    "packages-dev": [
        {
            "name": "phpunit/php-code-coverage",
            "version": "1.2.13",
            "source": {
                "type": "git",
                "url": "https://github.com/sebastianbergmann/php-code-coverage.git",
                "reference": "466e7cd2554b4e264c9e3f31216d25ac0e5f3d94"
            },
            "dist": {
                "type": "zip",
                "url": "https://api.github.com/repos/sebastianbergmann/php-code-coverage/zipball/466e7cd2554b4e264c9e3f31216d25ac0e5f3d94",
                "reference": "466e7cd2554b4e264c9e3f31216d25ac0e5f3d94",
                "shasum": ""
            },
            "require": {
                "php": ">=5.3.3",
                "phpunit/php-file-iterator": ">=1.3.0@stable",
                "phpunit/php-text-template": ">=1.1.1@stable",
                "phpunit/php-token-stream": ">=1.1.3@stable"
            },
            "require-dev": {
                "phpunit/phpunit": "3.7.*@dev"
            },
            "suggest": {
                "ext-dom": "*",
                "ext-xdebug": ">=2.0.5"
            },
            "type": "library",
            "extra": {
                "branch-alias": {
                    "dev-master": "1.2.x-dev"
                }
            },
            "autoload": {
                "classmap": [
                    "PHP/"
                ]
            },
            "notification-url": "https://packagist.org/downloads/",
            "include-path": [
                ""
            ],
            "license": [
                "BSD-3-Clause"
            ],
            "authors": [
                {
                    "name": "Sebastian Bergmann",
                    "email": "sb@sebastian-bergmann.de",
                    "role": "lead"
                }
            ],
            "description": "Library that provides collection, processing, and rendering functionality for PHP code coverage information.",
            "homepage": "https://github.com/sebastianbergmann/php-code-coverage",
            "keywords": [
                "coverage",
                "testing",
                "xunit"
            ],
            "time": "2013-09-10 08:14:32"
        },
        {
            "name": "phpunit/php-file-iterator",
            "version": "1.3.4",
            "source": {
                "type": "git",
                "url": "https://github.com/sebastianbergmann/php-file-iterator.git",
                "reference": "acd690379117b042d1c8af1fafd61bde001bf6bb"
            },
            "dist": {
                "type": "zip",
                "url": "https://api.github.com/repos/sebastianbergmann/php-file-iterator/zipball/acd690379117b042d1c8af1fafd61bde001bf6bb",
                "reference": "acd690379117b042d1c8af1fafd61bde001bf6bb",
                "shasum": ""
            },
            "require": {
                "php": ">=5.3.3"
            },
            "type": "library",
            "autoload": {
                "classmap": [
                    "File/"
                ]
            },
            "notification-url": "https://packagist.org/downloads/",
            "include-path": [
                ""
            ],
            "license": [
                "BSD-3-Clause"
            ],
            "authors": [
                {
                    "name": "Sebastian Bergmann",
                    "email": "sb@sebastian-bergmann.de",
                    "role": "lead"
                }
            ],
            "description": "FilterIterator implementation that filters files based on a list of suffixes.",
            "homepage": "https://github.com/sebastianbergmann/php-file-iterator/",
            "keywords": [
                "filesystem",
                "iterator"
            ],
            "time": "2013-10-10 15:34:57"
        },
        {
            "name": "phpunit/php-text-template",
            "version": "1.1.4",
            "source": {
                "type": "git",
                "url": "https://github.com/sebastianbergmann/php-text-template.git",
                "reference": "5180896f51c5b3648ac946b05f9ec02be78a0b23"
            },
            "dist": {
                "type": "zip",
                "url": "https://api.github.com/repos/sebastianbergmann/php-text-template/zipball/5180896f51c5b3648ac946b05f9ec02be78a0b23",
                "reference": "5180896f51c5b3648ac946b05f9ec02be78a0b23",
                "shasum": ""
            },
            "require": {
                "php": ">=5.3.3"
            },
            "type": "library",
            "autoload": {
                "classmap": [
                    "Text/"
                ]
            },
            "notification-url": "https://packagist.org/downloads/",
            "include-path": [
                ""
            ],
            "license": [
                "BSD-3-Clause"
            ],
            "authors": [
                {
                    "name": "Sebastian Bergmann",
                    "email": "sb@sebastian-bergmann.de",
                    "role": "lead"
                }
            ],
            "description": "Simple template engine.",
            "homepage": "https://github.com/sebastianbergmann/php-text-template/",
            "keywords": [
                "template"
            ],
            "time": "2012-10-31 18:15:28"
        },
        {
            "name": "phpunit/php-timer",
            "version": "1.0.5",
            "source": {
                "type": "git",
                "url": "https://github.com/sebastianbergmann/php-timer.git",
                "reference": "19689d4354b295ee3d8c54b4f42c3efb69cbc17c"
            },
            "dist": {
                "type": "zip",
                "url": "https://api.github.com/repos/sebastianbergmann/php-timer/zipball/19689d4354b295ee3d8c54b4f42c3efb69cbc17c",
                "reference": "19689d4354b295ee3d8c54b4f42c3efb69cbc17c",
                "shasum": ""
            },
            "require": {
                "php": ">=5.3.3"
            },
            "type": "library",
            "autoload": {
                "classmap": [
                    "PHP/"
                ]
            },
            "notification-url": "https://packagist.org/downloads/",
            "include-path": [
                ""
            ],
            "license": [
                "BSD-3-Clause"
            ],
            "authors": [
                {
                    "name": "Sebastian Bergmann",
                    "email": "sb@sebastian-bergmann.de",
                    "role": "lead"
                }
            ],
            "description": "Utility class for timing",
            "homepage": "https://github.com/sebastianbergmann/php-timer/",
            "keywords": [
                "timer"
            ],
            "time": "2013-08-02 07:42:54"
        },
        {
            "name": "phpunit/php-token-stream",
            "version": "1.2.1",
            "source": {
                "type": "git",
                "url": "https://github.com/sebastianbergmann/php-token-stream.git",
                "reference": "5220af2a7929aa35cf663d97c89ad3d50cf5fa3e"
            },
            "dist": {
                "type": "zip",
                "url": "https://api.github.com/repos/sebastianbergmann/php-token-stream/zipball/5220af2a7929aa35cf663d97c89ad3d50cf5fa3e",
                "reference": "5220af2a7929aa35cf663d97c89ad3d50cf5fa3e",
                "shasum": ""
            },
            "require": {
                "ext-tokenizer": "*",
                "php": ">=5.3.3"
            },
            "type": "library",
            "extra": {
                "branch-alias": {
                    "dev-master": "1.2-dev"
                }
            },
            "autoload": {
                "classmap": [
                    "PHP/"
                ]
            },
            "notification-url": "https://packagist.org/downloads/",
            "include-path": [
                ""
            ],
            "license": [
                "BSD-3-Clause"
            ],
            "authors": [
                {
                    "name": "Sebastian Bergmann",
                    "email": "sb@sebastian-bergmann.de",
                    "role": "lead"
                }
            ],
            "description": "Wrapper around PHP's tokenizer extension.",
            "homepage": "https://github.com/sebastianbergmann/php-token-stream/",
            "keywords": [
                "tokenizer"
            ],
            "time": "2013-09-13 04:58:23"
        },
        {
            "name": "phpunit/phpunit",
            "version": "3.7.28",
            "source": {
                "type": "git",
                "url": "https://github.com/sebastianbergmann/phpunit.git",
                "reference": "3b97c8492bcafbabe6b6fbd2ab35f2f04d932a8d"
            },
            "dist": {
                "type": "zip",
                "url": "https://api.github.com/repos/sebastianbergmann/phpunit/zipball/3b97c8492bcafbabe6b6fbd2ab35f2f04d932a8d",
                "reference": "3b97c8492bcafbabe6b6fbd2ab35f2f04d932a8d",
                "shasum": ""
            },
            "require": {
                "ext-dom": "*",
                "ext-pcre": "*",
                "ext-reflection": "*",
                "ext-spl": "*",
                "php": ">=5.3.3",
                "phpunit/php-code-coverage": "~1.2.1",
                "phpunit/php-file-iterator": ">=1.3.1",
                "phpunit/php-text-template": ">=1.1.1",
                "phpunit/php-timer": ">=1.0.4",
                "phpunit/phpunit-mock-objects": "~1.2.0",
                "symfony/yaml": "~2.0"
            },
            "require-dev": {
                "pear-pear/pear": "1.9.4"
            },
            "suggest": {
                "ext-json": "*",
                "ext-simplexml": "*",
                "ext-tokenizer": "*",
                "phpunit/php-invoker": ">=1.1.0,<1.2.0"
            },
            "bin": [
                "composer/bin/phpunit"
            ],
            "type": "library",
            "extra": {
                "branch-alias": {
                    "dev-master": "3.7.x-dev"
                }
            },
            "autoload": {
                "classmap": [
                    "PHPUnit/"
                ]
            },
            "notification-url": "https://packagist.org/downloads/",
            "include-path": [
                "",
                "../../symfony/yaml/"
            ],
            "license": [
                "BSD-3-Clause"
            ],
            "authors": [
                {
                    "name": "Sebastian Bergmann",
                    "email": "sebastian@phpunit.de",
                    "role": "lead"
                }
            ],
            "description": "The PHP Unit Testing framework.",
            "homepage": "http://www.phpunit.de/",
            "keywords": [
                "phpunit",
                "testing",
                "xunit"
            ],
            "time": "2013-10-17 07:27:40"
        },
        {
            "name": "phpunit/phpunit-mock-objects",
            "version": "1.2.3",
            "source": {
                "type": "git",
                "url": "https://github.com/sebastianbergmann/phpunit-mock-objects.git",
                "reference": "5794e3c5c5ba0fb037b11d8151add2a07fa82875"
            },
            "dist": {
                "type": "zip",
                "url": "https://api.github.com/repos/sebastianbergmann/phpunit-mock-objects/zipball/5794e3c5c5ba0fb037b11d8151add2a07fa82875",
                "reference": "5794e3c5c5ba0fb037b11d8151add2a07fa82875",
                "shasum": ""
            },
            "require": {
                "php": ">=5.3.3",
                "phpunit/php-text-template": ">=1.1.1@stable"
            },
            "suggest": {
                "ext-soap": "*"
            },
            "type": "library",
            "autoload": {
                "classmap": [
                    "PHPUnit/"
                ]
            },
            "notification-url": "https://packagist.org/downloads/",
            "include-path": [
                ""
            ],
            "license": [
                "BSD-3-Clause"
            ],
            "authors": [
                {
                    "name": "Sebastian Bergmann",
                    "email": "sb@sebastian-bergmann.de",
                    "role": "lead"
                }
            ],
            "description": "Mock Object library for PHPUnit",
            "homepage": "https://github.com/sebastianbergmann/phpunit-mock-objects/",
            "keywords": [
                "mock",
                "xunit"
            ],
            "time": "2013-01-13 10:24:48"
        },
        {
            "name": "symfony/process",
            "version": "v2.3.7",
            "target-dir": "Symfony/Component/Process",
            "source": {
                "type": "git",
                "url": "https://github.com/symfony/Process.git",
                "reference": "82898108f79040314a7b3ba430a72c32c7f61d14"
            },
            "dist": {
                "type": "zip",
                "url": "https://api.github.com/repos/symfony/Process/zipball/82898108f79040314a7b3ba430a72c32c7f61d14",
                "reference": "82898108f79040314a7b3ba430a72c32c7f61d14",
                "shasum": ""
            },
            "require": {
                "php": ">=5.3.3"
            },
            "type": "library",
            "extra": {
                "branch-alias": {
                    "dev-master": "2.3-dev"
                }
            },
            "autoload": {
                "psr-0": {
                    "Symfony\\Component\\Process\\": ""
                }
            },
            "notification-url": "https://packagist.org/downloads/",
            "license": [
                "MIT"
            ],
            "authors": [
                {
                    "name": "Fabien Potencier",
                    "email": "fabien@symfony.com"
                },
                {
                    "name": "Symfony Community",
                    "homepage": "http://symfony.com/contributors"
                }
            ],
            "description": "Symfony Process Component",
            "homepage": "http://symfony.com",
            "time": "2013-10-30 08:30:20"
        }
    ],
    "aliases": [

    ],
    "minimum-stability": "stable",
    "stability-flags": {
        "camspiers/statistical-classifier": 20
    },
    "platform": [

    ],
    "platform-dev": [

    ]
}
